<?xml version="1.0" encoding="utf-8"?>
<Project ToolsVersion="4.0" xmlns="http://schemas.microsoft.com/developer/msbuild/2003">
  <ItemGroup>
    <Filter Include="Source Files">
      <UniqueIdentifier>{4FC737F1-C7A5-4376-A066-2A32D752A2FF}</UniqueIdentifier>
      <Extensions>cpp;c;cc;cxx;def;odl;idl;hpj;bat;asm;asmx</Extensions>
    </Filter>
    <Filter Include="Header Files">
      <UniqueIdentifier>{93995380-89BD-4b04-88EB-625FBE52EBFB}</UniqueIdentifier>
      <Extensions>h;hh;hpp;hxx;hm;inl;inc;xsd</Extensions>
    </Filter>
    <Filter Include="Resource Files">
      <UniqueIdentifier>{67DA6AB6-F800-4c08-8B7A-83BB121AAD01}</UniqueIdentifier>
      <Extensions>rc;ico;cur;bmp;dlg;rc2;rct;bin;rgs;gif;jpg;jpeg;jpe;resx;tiff;tif;png;wav;mfcribbon-ms</Extensions>
    </Filter>
    <Filter Include="Header Files\Switches">
      <UniqueIdentifier>{d40b270f-6a4f-4fc4-8809-788a9037971b}</UniqueIdentifier>
    </Filter>
    <Filter Include="Source Files\Switches">
      <UniqueIdentifier>{dbc1d0e4-1636-4745-ac13-4717a5e58404}</UniqueIdentifier>
    </Filter>
  </ItemGroup>
  <ItemGroup>
    <None Include="Modellbausteuerung.ino" />
  </ItemGroup>
  <ItemGroup>
    <ClInclude Include="__vm\.Modellbausteuerung.vsarduino.h">
      <Filter>Header Files</Filter>
    </ClInclude>
    <ClInclude Include="switch.h">
      <Filter>Header Files\Switches</Filter>
    </ClInclude>
    <ClInclude Include="toggle_switch.h">
      <Filter>Header Files\Switches</Filter>
    </ClInclude>
    <ClInclude Include="change_switch.h">
      <Filter>Header Files\Switches</Filter>
    </ClInclude>
    <ClInclude Include="normal_switch.h">
      <Filter>Header Files\Switches</Filter>
    </ClInclude>
    <ClInclude Include="pwm_switch.h">
      <Filter>Header Files\Switches</Filter>
    </ClInclude>
    <ClInclude Include="sw_controller.h">
      <Filter>Header Files\Switches</Filter>
    </ClInclude>
  </ItemGroup>
  <ItemGroup>
    <ClCompile Include="switch.cpp">
      <Filter>Source Files\Switches</Filter>
    </ClCompile>
    <ClCompile Include="toggle_switch.cpp">
      <Filter>Source Files\Switches</Filter>
    </ClCompile>
    <ClCompile Include="change_switch.cpp">
      <Filter>Source Files\Switches</Filter>
    </ClCompile>
    <ClCompile Include="normal_switch.cpp">
      <Filter>Source Files\Switches</Filter>
    </ClCompile>
    <ClCompile Include="pwm_switch.cpp">
      <Filter>Source Files\Switches</Filter>
    </ClCompile>
    <ClCompile Include="sw_controller.cpp">
      <Filter>Source Files\Switches</Filter>
    </ClCompile>
  </ItemGroup>
</Project>